
Microsoft Visual Studio Solution File, Format Version 12.00
# Visual Studio Version 17
VisualStudioVersion = 17.0.31903.59
MinimumVisualStudioVersion = 10.0.40219.1
Project("{FAE04EC0-301F-11D3-BF4B-00C04F79EFBC}") = "Task1", "Task1\Task1.csproj", "{C322C21B-6F1C-4455-B040-05AFFE251AD6}"
EndProject
Project("{FAE04EC0-301F-11D3-BF4B-00C04F79EFBC}") = "Task2", "Task2\Task2.csproj", "{E917F54D-E4A9-47E3-8225-8B7F13552C87}"
EndProject
Project("{FAE04EC0-301F-11D3-BF4B-00C04F79EFBC}") = "Task3", "Task3\Task3.csproj", "{9147189F-A301-4350-BCBE-2421A0EAEA84}"
EndProject
Project("{FAE04EC0-301F-11D3-BF4B-00C04F79EFBC}") = "Task4", "Task4\Task4.csproj", "{CA6A7242-217B-49B5-981A-407B7EDAEB00}"
EndProject
Project("{FAE04EC0-301F-11D3-BF4B-00C04F79EFBC}") = "Task5", "Task5\Task5.csproj", "{E60EB4F0-394A-43FE-949F-C7EC0DCF3DC3}"
EndProject
Project("{FAE04EC0-301F-11D3-BF4B-00C04F79EFBC}") = "Task6", "Task6\Task6.csproj", "{B5852D8C-B964-41D3-B53E-30DFB08160D9}"
EndProject
Global
	GlobalSection(SolutionConfigurationPlatforms) = preSolution
		Debug|Any CPU = Debug|Any CPU
		Debug|x64 = Debug|x64
		Debug|x86 = Debug|x86
		Release|Any CPU = Release|Any CPU
		Release|x64 = Release|x64
		Release|x86 = Release|x86
	EndGlobalSection
	GlobalSection(ProjectConfigurationPlatforms) = postSolution
		{C322C21B-6F1C-4455-B040-05AFFE251AD6}.Debug|Any CPU.ActiveCfg = Debug|Any CPU
		{C322C21B-6F1C-4455-B040-05AFFE251AD6}.Debug|Any CPU.Build.0 = Debug|Any CPU
		{C322C21B-6F1C-4455-B040-05AFFE251AD6}.Debug|x64.ActiveCfg = Debug|Any CPU
		{C322C21B-6F1C-4455-B040-05AFFE251AD6}.Debug|x64.Build.0 = Debug|Any CPU
		{C322C21B-6F1C-4455-B040-05AFFE251AD6}.Debug|x86.ActiveCfg = Debug|Any CPU
		{C322C21B-6F1C-4455-B040-05AFFE251AD6}.Debug|x86.Build.0 = Debug|Any CPU
		{C322C21B-6F1C-4455-B040-05AFFE251AD6}.Release|Any CPU.ActiveCfg = Release|Any CPU
		{C322C21B-6F1C-4455-B040-05AFFE251AD6}.Release|Any CPU.Build.0 = Release|Any CPU
		{C322C21B-6F1C-4455-B040-05AFFE251AD6}.Release|x64.ActiveCfg = Release|Any CPU
		{C322C21B-6F1C-4455-B040-05AFFE251AD6}.Release|x64.Build.0 = Release|Any CPU
		{C322C21B-6F1C-4455-B040-05AFFE251AD6}.Release|x86.ActiveCfg = Release|Any CPU
		{C322C21B-6F1C-4455-B040-05AFFE251AD6}.Release|x86.Build.0 = Release|Any CPU
		{E917F54D-E4A9-47E3-8225-8B7F13552C87}.Debug|Any CPU.ActiveCfg = Debug|Any CPU
		{E917F54D-E4A9-47E3-8225-8B7F13552C87}.Debug|Any CPU.Build.0 = Debug|Any CPU
		{E917F54D-E4A9-47E3-8225-8B7F13552C87}.Debug|x64.ActiveCfg = Debug|Any CPU
		{E917F54D-E4A9-47E3-8225-8B7F13552C87}.Debug|x64.Build.0 = Debug|Any CPU
		{E917F54D-E4A9-47E3-8225-8B7F13552C87}.Debug|x86.ActiveCfg = Debug|Any CPU
		{E917F54D-E4A9-47E3-8225-8B7F13552C87}.Debug|x86.Build.0 = Debug|Any CPU
		{E917F54D-E4A9-47E3-8225-8B7F13552C87}.Release|Any CPU.ActiveCfg = Release|Any CPU
		{E917F54D-E4A9-47E3-8225-8B7F13552C87}.Release|Any CPU.Build.0 = Release|Any CPU
		{E917F54D-E4A9-47E3-8225-8B7F13552C87}.Release|x64.ActiveCfg = Release|Any CPU
		{E917F54D-E4A9-47E3-8225-8B7F13552C87}.Release|x64.Build.0 = Release|Any CPU
		{E917F54D-E4A9-47E3-8225-8B7F13552C87}.Release|x86.ActiveCfg = Release|Any CPU
		{E917F54D-E4A9-47E3-8225-8B7F13552C87}.Release|x86.Build.0 = Release|Any CPU
		{9147189F-A301-4350-BCBE-2421A0EAEA84}.Debug|Any CPU.ActiveCfg = Debug|Any CPU
		{9147189F-A301-4350-BCBE-2421A0EAEA84}.Debug|Any CPU.Build.0 = Debug|Any CPU
		{9147189F-A301-4350-BCBE-2421A0EAEA84}.Debug|x64.ActiveCfg = Debug|Any CPU
		{9147189F-A301-4350-BCBE-2421A0EAEA84}.Debug|x64.Build.0 = Debug|Any CPU
		{9147189F-A301-4350-BCBE-2421A0EAEA84}.Debug|x86.ActiveCfg = Debug|Any CPU
		{9147189F-A301-4350-BCBE-2421A0EAEA84}.Debug|x86.Build.0 = Debug|Any CPU
		{9147189F-A301-4350-BCBE-2421A0EAEA84}.Release|Any CPU.ActiveCfg = Release|Any CPU
		{9147189F-A301-4350-BCBE-2421A0EAEA84}.Release|Any CPU.Build.0 = Release|Any CPU
		{9147189F-A301-4350-BCBE-2421A0EAEA84}.Release|x64.ActiveCfg = Release|Any CPU
		{9147189F-A301-4350-BCBE-2421A0EAEA84}.Release|x64.Build.0 = Release|Any CPU
		{9147189F-A301-4350-BCBE-2421A0EAEA84}.Release|x86.ActiveCfg = Release|Any CPU
		{9147189F-A301-4350-BCBE-2421A0EAEA84}.Release|x86.Build.0 = Release|Any CPU
		{CA6A7242-217B-49B5-981A-407B7EDAEB00}.Debug|Any CPU.ActiveCfg = Debug|Any CPU
		{CA6A7242-217B-49B5-981A-407B7EDAEB00}.Debug|Any CPU.Build.0 = Debug|Any CPU
		{CA6A7242-217B-49B5-981A-407B7EDAEB00}.Debug|x64.ActiveCfg = Debug|Any CPU
		{CA6A7242-217B-49B5-981A-407B7EDAEB00}.Debug|x64.Build.0 = Debug|Any CPU
		{CA6A7242-217B-49B5-981A-407B7EDAEB00}.Debug|x86.ActiveCfg = Debug|Any CPU
		{CA6A7242-217B-49B5-981A-407B7EDAEB00}.Debug|x86.Build.0 = Debug|Any CPU
		{CA6A7242-217B-49B5-981A-407B7EDAEB00}.Release|Any CPU.ActiveCfg = Release|Any CPU
		{CA6A7242-217B-49B5-981A-407B7EDAEB00}.Release|Any CPU.Build.0 = Release|Any CPU
		{CA6A7242-217B-49B5-981A-407B7EDAEB00}.Release|x64.ActiveCfg = Release|Any CPU
		{CA6A7242-217B-49B5-981A-407B7EDAEB00}.Release|x64.Build.0 = Release|Any CPU
		{CA6A7242-217B-49B5-981A-407B7EDAEB00}.Release|x86.ActiveCfg = Release|Any CPU
		{CA6A7242-217B-49B5-981A-407B7EDAEB00}.Release|x86.Build.0 = Release|Any CPU
		{E60EB4F0-394A-43FE-949F-C7EC0DCF3DC3}.Debug|Any CPU.ActiveCfg = Debug|Any CPU
		{E60EB4F0-394A-43FE-949F-C7EC0DCF3DC3}.Debug|Any CPU.Build.0 = Debug|Any CPU
		{E60EB4F0-394A-43FE-949F-C7EC0DCF3DC3}.Debug|x64.ActiveCfg = Debug|Any CPU
		{E60EB4F0-394A-43FE-949F-C7EC0DCF3DC3}.Debug|x64.Build.0 = Debug|Any CPU
		{E60EB4F0-394A-43FE-949F-C7EC0DCF3DC3}.Debug|x86.ActiveCfg = Debug|Any CPU
		{E60EB4F0-394A-43FE-949F-C7EC0DCF3DC3}.Debug|x86.Build.0 = Debug|Any CPU
		{E60EB4F0-394A-43FE-949F-C7EC0DCF3DC3}.Release|Any CPU.ActiveCfg = Release|Any CPU
		{E60EB4F0-394A-43FE-949F-C7EC0DCF3DC3}.Release|Any CPU.Build.0 = Release|Any CPU
		{E60EB4F0-394A-43FE-949F-C7EC0DCF3DC3}.Release|x64.ActiveCfg = Release|Any CPU
		{E60EB4F0-394A-43FE-949F-C7EC0DCF3DC3}.Release|x64.Build.0 = Release|Any CPU
		{E60EB4F0-394A-43FE-949F-C7EC0DCF3DC3}.Release|x86.ActiveCfg = Release|Any CPU
		{E60EB4F0-394A-43FE-949F-C7EC0DCF3DC3}.Release|x86.Build.0 = Release|Any CPU
		{B5852D8C-B964-41D3-B53E-30DFB08160D9}.Debug|Any CPU.ActiveCfg = Debug|Any CPU
		{B5852D8C-B964-41D3-B53E-30DFB08160D9}.Debug|Any CPU.Build.0 = Debug|Any CPU
		{B5852D8C-B964-41D3-B53E-30DFB08160D9}.Debug|x64.ActiveCfg = Debug|Any CPU
		{B5852D8C-B964-41D3-B53E-30DFB08160D9}.Debug|x64.Build.0 = Debug|Any CPU
		{B5852D8C-B964-41D3-B53E-30DFB08160D9}.Debug|x86.ActiveCfg = Debug|Any CPU
		{B5852D8C-B964-41D3-B53E-30DFB08160D9}.Debug|x86.Build.0 = Debug|Any CPU
		{B5852D8C-B964-41D3-B53E-30DFB08160D9}.Release|Any CPU.ActiveCfg = Release|Any CPU
		{B5852D8C-B964-41D3-B53E-30DFB08160D9}.Release|Any CPU.Build.0 = Release|Any CPU
		{B5852D8C-B964-41D3-B53E-30DFB08160D9}.Release|x64.ActiveCfg = Release|Any CPU
		{B5852D8C-B964-41D3-B53E-30DFB08160D9}.Release|x64.Build.0 = Release|Any CPU
		{B5852D8C-B964-41D3-B53E-30DFB08160D9}.Release|x86.ActiveCfg = Release|Any CPU
		{B5852D8C-B964-41D3-B53E-30DFB08160D9}.Release|x86.Build.0 = Release|Any CPU
	EndGlobalSection
	GlobalSection(SolutionProperties) = preSolution
		HideSolutionNode = FALSE
	EndGlobalSection
EndGlobal
